# This file is generated by running "yarn install" inside your project.
# Manual changes might be lost - proceed with caution!

__metadata:
  version: 8
  cacheKey: 10c0

"zenn-cli@npm:^0.1.67":
  version: 0.1.144
  resolution: "zenn-cli@npm:0.1.144"
  bin:
    zenn: dist/server/zenn.js
  checksum: 10c0/03dc15fe833d3415bfd7580443b691da6dc2160bc375d44c94355de685f64f5651d90717b261e519df2260ebd9e7365d01c69854c0fa3137126bc09d242f3a53
  languageName: node
  linkType: hard

"zenn-ufoo68@workspace:.":
  version: 0.0.0-use.local
  resolution: "zenn-ufoo68@workspace:."
  dependencies:
    zenn-cli: "npm:^0.1.67"
  languageName: unknown
  linkType: soft
